# Generated by buf. DO NOT EDIT.
version: v1
deps:
  - remote: buf.build
    owner: smigula
    repository: auth
    commit: 4a59359c96b24085896a1b0627ece2cc
  - remote: buf.build
    owner: smigula
    repository: order
    commit: 7653a3ff95d44b318901dde295f49457
  - remote: buf.build
    owner: smigula
    repository: product
    commit: a12f0c2ddf5749bda3e337b1ee3d9e54
